PODS:
  - breez_sdk (0.8.4-dev3):
    - Flutter
  - Flutter (1.0.0)
  - flutter_fgbg (0.0.1):
    - Flutter
  - flutter_inappwebview_ios (0.0.1):
    - Flutter
    - flutter_inappwebview_ios/Core (= 0.0.1)
    - OrderedSet (~> 6.0.3)
  - flutter_inappwebview_ios/Core (0.0.1):
    - Flutter
    - OrderedSet (~> 6.0.3)
  - flutter_keyboard_visibility (0.0.1):
    - Flutter
  - flutter_secure_storage (6.0.0):
    - Flutter
  - KeychainAccess (4.2.2)
  - ObjcExceptionBridging (7.1.5):
    - ObjcExceptionBridging/ObjcExceptionBridging (= 7.1.5)
  - ObjcExceptionBridging/ObjcExceptionBridging (7.1.5)
  - OrderedSet (6.0.3)
  - shared_preference_app_group (1.0.0):
    - Flutter
  - XCGLogger (7.1.5):
    - XCGLogger/Core (= 7.1.5)
  - XCGLogger/Core (7.1.5):
    - ObjcExceptionBridging

DEPENDENCIES:
  - breez_sdk (from `.symlinks/plugins/breez_sdk/ios`)
  - Flutter (from `Flutter`)
  - flutter_fgbg (from `.symlinks/plugins/flutter_fgbg/ios`)
  - flutter_inappwebview_ios (from `.symlinks/plugins/flutter_inappwebview_ios/ios`)
  - flutter_keyboard_visibility (from `.symlinks/plugins/flutter_keyboard_visibility/ios`)
  - flutter_secure_storage (from `.symlinks/plugins/flutter_secure_storage/ios`)
  - KeychainAccess
  - shared_preference_app_group (from `.symlinks/plugins/shared_preference_app_group/ios`)
  - XCGLogger

SPEC REPOS:
  trunk:
    - KeychainAccess
    - ObjcExceptionBridging
    - OrderedSet
    - XCGLogger

EXTERNAL SOURCES:
  breez_sdk:
    :path: ".symlinks/plugins/breez_sdk/ios"
  Flutter:
    :path: Flutter
  flutter_fgbg:
    :path: ".symlinks/plugins/flutter_fgbg/ios"
  flutter_inappwebview_ios:
    :path: ".symlinks/plugins/flutter_inappwebview_ios/ios"
  flutter_keyboard_visibility:
    :path: ".symlinks/plugins/flutter_keyboard_visibility/ios"
  flutter_secure_storage:
    :path: ".symlinks/plugins/flutter_secure_storage/ios"
  shared_preference_app_group:
    :path: ".symlinks/plugins/shared_preference_app_group/ios"

SPEC CHECKSUMS:
  breez_sdk: 65e71858ea1ea300cbebc3ba188450e3d3c36aa0
  Flutter: cabc95a1d2626b1b06e7179b784ebcf0c0cde467
  flutter_fgbg: 31c0d1140a131daea2d342121808f6aa0dcd879d
  flutter_inappwebview_ios: 6f63631e2c62a7c350263b13fa5427aedefe81d4
  flutter_keyboard_visibility: 0339d06371254c3eb25eeb90ba8d17dca8f9c069
  flutter_secure_storage: d33dac7ae2ea08509be337e775f6b59f1ff45f12
  KeychainAccess: c0c4f7f38f6fc7bbe58f5702e25f7bd2f65abf51
  ObjcExceptionBridging: d3d37d62981bb7f252ecb31b62d7e23a96bbfb8a
  OrderedSet: e539b66b644ff081c73a262d24ad552a69be3a94
  shared_preference_app_group: 46aee3873e1da581d4904bece9876596d7f66725
  XCGLogger: 399c5885210b4e2ad79d9f7a29b105d672ef724f

PODFILE CHECKSUM: fcb5f23a4d8d358daaa7a84a7730621180ff1910

COCOAPODS: 1.16.2
